# This file is autogenerated, do not edit; changes may be undone by the next 'dep ensure'.


[[projects]]
  branch = "master"
  digest = "1:698a87c7718ac3a29378d13af858787f9e374c7533e092d63d3b30af2132b4e6"
  name = "github.com/madshov/data-structures"
  packages = ["vector"]
  pruneopts = "UT"
  revision = "b87a149153d90754b678719f063cb57561880488"

[solve-meta]
  analyzer-name = "dep"
  analyzer-version = 1
  input-imports = ["github.com/madshov/data-structures/vector"]
  solver-name = "gps-cdcl"
  solver-version = 1
